
Microsoft Visual Studio Solution File, Format Version 12.00
# Visual Studio Version 17
VisualStudioVersion = 17.4.33205.214
MinimumVisualStudioVersion = 10.0.40219.1
Project("{888888A0-9F3D-457C-B088-3A5042F75D52}") = "Concepts-PyGame", "Concepts-PyGame.pyproj", "{0250675A-AFA7-4E6A-BA88-8D61DE5E0DDF}"
EndProject
Global
	GlobalSection(SolutionConfigurationPlatforms) = preSolution
		Debug|Any CPU = Debug|Any CPU
		Release|Any CPU = Release|Any CPU
	EndGlobalSection
	GlobalSection(ProjectConfigurationPlatforms) = postSolution
		{0250675A-AFA7-4E6A-BA88-8D61DE5E0DDF}.Debug|Any CPU.ActiveCfg = Debug|Any CPU
		{0250675A-AFA7-4E6A-BA88-8D61DE5E0DDF}.Release|Any CPU.ActiveCfg = Release|Any CPU
	EndGlobalSection
	GlobalSection(SolutionProperties) = preSolution
		HideSolutionNode = FALSE
	EndGlobalSection
	GlobalSection(ExtensibilityGlobals) = postSolution
		SolutionGuid = {29E6D7EC-F5AE-4179-8CA0-A32E8A227893}
	EndGlobalSection
EndGlobal
